hash: b8a65716730645aff6fa78fff479cdf420148e4d7d16c072a7de8ab0a9554ad8
updated: 2019-12-11T10:16:25.457144767+08:00
imports:
- name: bazil.org/fuse
  version: 65cc252bf6691cb3c7014bcb2c8dc29de91e3a7e
  subpackages:
  - fs
  - fuseutil
- name: cloud.google.com/go
  version: 5d956544dd2c8ce6615cd65d111e514cf2555754
  subpackages:
  - compute/metadata
- name: github.com/a8m/tree
  version: 6a0b80129de45f91880d18428b95fab29df91d7e
- name: github.com/abbot/go-http-auth
  version: 860ed7f246ff5abfdbd5c7ce618fd37b49fd3d86
- name: github.com/anacrolix/dms
  version: ca253089274363ce31056b38203fa6c89ba7c03f
  subpackages:
  - dlna
  - soap
  - ssdp
  - upnp
  - upnpav
- name: github.com/atotto/clipboard
  version: 579379fa8ff8a6d3fa979cec107f8f6d7f8fde90
- name: github.com/aws/aws-sdk-go
  version: 8c382ec852056ae4cc1ef9a33e608f2ee5388288
  subpackages:
  - aws
  - aws/arn
  - aws/awserr
  - aws/awsutil
  - aws/client
  - aws/client/metadata
  - aws/corehandlers
  - aws/credentials
  - aws/credentials/ec2rolecreds
  - aws/credentials/endpointcreds
  - aws/credentials/processcreds
  - aws/credentials/stscreds
  - aws/csm
  - aws/defaults
  - aws/ec2metadata
  - aws/endpoints
  - aws/request
  - aws/session
  - aws/signer/v4
  - internal/ini
  - internal/s3err
  - internal/sdkio
  - internal/sdkmath
  - internal/sdkrand
  - internal/sdkuri
  - internal/shareddefaults
  - private/protocol
  - private/protocol/eventstream
  - private/protocol/eventstream/eventstreamapi
  - private/protocol/json/jsonutil
  - private/protocol/query
  - private/protocol/query/queryutil
  - private/protocol/rest
  - private/protocol/restxml
  - private/protocol/xml/xmlutil
  - service/s3
  - service/s3/internal/arn
  - service/s3/s3iface
  - service/s3/s3manager
  - service/sts
  - service/sts/stsiface
- name: github.com/Azure/azure-pipeline-go
  version: 232aee85e8e3a6223a11c0943f7df2ae0fac00e4
  subpackages:
  - pipeline
- name: github.com/Azure/azure-storage-blob-go
  version: fc700035fe4a7020f50d49f420b3c088aed57e03
  subpackages:
  - azblob
- name: github.com/billziss-gh/cgofuse
  version: 8e41a0ce969b7c07d55751a9ad4e1941f285f620
  subpackages:
  - fuse
- name: github.com/cpuguy83/go-md2man
  version: 7762f7e404f8416dfa1d9bb6a8c192aa9acb4d19
  subpackages:
  - md2man
- name: github.com/davecgh/go-spew
  version: d8f796af33cc11cb798c1aaeb27a4ebc5099927d
  subpackages:
  - spew
- name: github.com/djherbis/times
  version: 847c5208d8924cea0acea3376ff62aede93afe39
- name: github.com/dropbox/dropbox-sdk-go-unofficial
  version: 373d22d9c47fc2dc4d8d6e50e5acd7b20cfff2cc
  subpackages:
  - dropbox
  - dropbox/async
  - dropbox/auth
  - dropbox/common
  - dropbox/file_properties
  - dropbox/files
  - dropbox/seen_state
  - dropbox/sharing
  - dropbox/team
  - dropbox/team_common
  - dropbox/team_policies
  - dropbox/users
  - dropbox/users_common
- name: github.com/etcd-io/bbolt
  version: a0458a2b35708eef59eb5f620ceb3cd1c01a824d
- name: github.com/golang/groupcache
  version: 611e8accdfc92c4187d399e95ce826046d4c8d73
  subpackages:
  - lru
- name: github.com/golang/protobuf
  version: ed6926b37a637426117ccab59282c3839528a700
  subpackages:
  - proto
  - ptypes
  - ptypes/any
  - ptypes/duration
  - ptypes/timestamp
- name: github.com/google/go-querystring
  version: c8c88dbee036db4e4808d1f2ec8c2e15e11c3f80
  subpackages:
  - query
- name: github.com/googleapis/gax-go
  version: b443e5a67ec8eeac76f5f384004931878cab24b3
  subpackages:
  - v2
- name: github.com/inconshreveable/mousetrap
  version: 76626ae9c91c4f2a10f34cad8ce83ea42c93bb75
- name: github.com/jlaffaye/ftp
  version: a59fe673c9b25bf2af11da106a26ee77c8ed1489
- name: github.com/jmespath/go-jmespath
  version: c2b33e8439af944379acbdd9c3a5fe0bc44bd8a5
- name: github.com/jzelinskie/whirlpool
  version: c19460b8caa623b49cd9060e866f812c4b10c4ce
- name: github.com/kardianos/osext
  version: 2bc1f35cddc0cc527b4bc3dce8578fc2a6c11384
- name: github.com/konsorten/go-windows-terminal-sequences
  version: f55edac94c9bbba5d6182a4be46d86a2c9b5b50e
- name: github.com/koofr/go-httpclient
  version: e0dc8fd921dc6e75d0afaa0d68a57942034534a9
- name: github.com/koofr/go-koofrclient
  version: 8e5366da203ab812c6ff564df5301d0da8ea3fb5
- name: github.com/kr/fs
  version: 1455def202f6e05b95cc7bfc7e8ae67ae5141eba
- name: github.com/mattn/go-colorable
  version: 98ec13f34aabf44cc914c65a1cfb7b9bc815aef1
- name: github.com/mattn/go-ieproxy
  version: 7c0f6868bffe087073376feaab3ace57f2ef90b2
- name: github.com/mattn/go-isatty
  version: 2a2f0ea997f99becfd8423e4f337d171753fe685
- name: github.com/mattn/go-runewidth
  version: 18c3d09a134a52720932bbaa92c798a0ab111004
- name: github.com/mitchellh/go-homedir
  version: af06845cf3004701891bf4fdb884bfe4920b3727
- name: github.com/ncw/go-acd
  version: 887eb06ab6a255fbf5744b5812788e884078620a
- name: github.com/ncw/swift
  version: 017f012e58fa8f056707eb85ce9f794ba9beec6c
- name: github.com/nsf/termbox-go
  version: 93860e16131719fa9722e7c448dbf8c0e3210a0d
- name: github.com/okzk/sdnotify
  version: d9becc38acbd785892af7637319e2c5e101057f7
- name: github.com/patrickmn/go-cache
  version: 46f407853014144407b6c2ec7ccc76bf67958d93
- name: github.com/pkg/errors
  version: 7f95ac13edff643b8ce5398b6ccab125f8a20c1a
- name: github.com/pkg/sftp
  version: 8488d36edee795c85c0f878ef8df4c6e5175b34a
- name: github.com/pmezard/go-difflib
  version: 5d4384ee4fb2527b0a1256a821ebfc92f91efefc
  subpackages:
  - difflib
- name: github.com/putdotio/go-putio
  version: 9be1143756a8d3aecefdec6bf7d4f356600225b0
  subpackages:
  - putio
- name: github.com/rfjakob/eme
  version: 2222dbd4ba467ab3fc7e8af41562fcfe69c0d770
- name: github.com/russross/blackfriday
  version: a925a152c144ea7de0f451eaf2f7db9e52fa005a
- name: github.com/sevlyar/go-daemon
  version: bf839693b97cb19a587b25649bbcb59ee16bdb2f
- name: github.com/sirupsen/logrus
  version: 67a7fdcf741f4d5cee82cb9800994ccfd4393ad0
- name: github.com/skratchdot/open-golang
  version: 79abb63cd66e41cb1473e26d11ebdcd68b04c8e5
  subpackages:
  - open
- name: github.com/spf13/cobra
  version: f2b07da1e2c38d5f12845a4f607e2e1018cbb1f5
  subpackages:
  - doc
- name: github.com/spf13/pflag
  version: 2e9d26c8c37aae03e3f9d4e90b7116f5accb7cab
- name: github.com/stretchr/testify
  version: 9a14481b90a0b2146f04fefbabb26dfad48af64c
  subpackages:
  - assert
  - require
- name: github.com/t3rm1n4l/go-mega
  version: e8695d78299af6e1d39dfc4a4a44539076ce7720
- name: github.com/Unknwon/goconfig
  version: 860a72fb44fd21dc98025a409f4d3df2dfc7df94
- name: github.com/xanzy/ssh-agent
  version: 6a3e2ff9e7c564f36873c2e36413f634534f1c44
- name: github.com/youmark/pkcs8
  version: 94c173a94d60d1c5f5fc281a1f715b655f7111af
- name: go.opencensus.io
  version: 643eada29081047b355cfaa1ceb9bc307a10423c
  subpackages:
  - internal
  - internal/tagencoding
  - metric/metricdata
  - metric/metricproducer
  - plugin/ochttp
  - plugin/ochttp/propagation/b3
  - resource
  - stats
  - stats/internal
  - stats/view
  - tag
  - trace
  - trace/internal
  - trace/propagation
  - trace/tracestate
- name: goftp.io/server
  version: 72a57b18680399f98879a7084df8fcabf72f5820
- name: golang.org/x/crypto
  version: 57b3e21c3d5606066a87e63cfe07ec6b9f0db000
  subpackages:
  - bcrypt
  - blowfish
  - curve25519
  - ed25519
  - ed25519/internal/edwards25519
  - internal/chacha20
  - internal/subtle
  - nacl/secretbox
  - pbkdf2
  - poly1305
  - salsa20/salsa
  - scrypt
  - ssh
  - ssh/agent
  - ssh/terminal
- name: golang.org/x/net
  version: c0dbc17a35534bf2e581d7a942408dc936316da4
  subpackages:
  - bpf
  - context
  - context/ctxhttp
  - html
  - html/atom
  - http/httpguts
  - http/httpproxy
  - http2
  - http2/hpack
  - idna
  - internal/iana
  - internal/socket
  - internal/timeseries
  - ipv4
  - publicsuffix
  - trace
  - webdav
  - webdav/internal/xml
  - websocket
- name: golang.org/x/oauth2
  version: 858c2ad4c8b6c5d10852cb89079f6ca1c7309787
  subpackages:
  - google
  - internal
  - jws
  - jwt
- name: golang.org/x/sync
  version: cd5d95a43a6e21273425c7ae415d3df9ea832eeb
  subpackages:
  - errgroup
- name: golang.org/x/sys
  version: ac6580df4449443a05718fd7858c1f91ad5f8d20
  subpackages:
  - cpu
  - unix
  - windows
  - windows/registry
- name: golang.org/x/text
  version: cbf43d21aaebfdfeb81d91a5f444d13a3046e686
  subpackages:
  - secure/bidirule
  - transform
  - unicode/bidi
  - unicode/norm
- name: golang.org/x/time
  version: 555d28b269f0569763d25dbe1a237ae74c6bcc82
  subpackages:
  - rate
- name: google.golang.org/api
  version: bc749f7e8b8066a489fc96f4171de2da9aef03c1
  subpackages:
  - drive/v2
  - drive/v3
  - googleapi
  - googleapi/transport
  - internal
  - internal/gensupport
  - internal/third_party/uritemplates
  - option
  - storage/v1
  - transport/http
  - transport/http/internal/propagation
- name: google.golang.org/appengine
  version: 16bce7d3dc4e458f2f6f56a1349cbbfcdc8a8fdf
  subpackages:
  - internal
  - internal/app_identity
  - internal/base
  - internal/datastore
  - internal/log
  - internal/modules
  - internal/remote_api
  - internal/urlfetch
  - urlfetch
- name: google.golang.org/genproto
  version: 0243a4be9c8f1264d238fdc2895620b4d9baf9e1
  subpackages:
  - googleapis/rpc/status
- name: google.golang.org/grpc
  version: 505c0d6440ba0123bc0e443ce293372bcf49359f
  subpackages:
  - attributes
  - backoff
  - balancer
  - balancer/base
  - balancer/roundrobin
  - binarylog/grpc_binarylog_v1
  - codes
  - connectivity
  - credentials
  - credentials/internal
  - encoding
  - encoding/proto
  - grpclog
  - internal
  - internal/backoff
  - internal/balancerload
  - internal/binarylog
  - internal/buffer
  - internal/channelz
  - internal/envconfig
  - internal/grpcrand
  - internal/grpcsync
  - internal/resolver/dns
  - internal/resolver/passthrough
  - internal/syscall
  - internal/transport
  - keepalive
  - metadata
  - naming
  - peer
  - resolver
  - serviceconfig
  - stats
  - status
  - tap
- name: gopkg.in/yaml.v2
  version: 1f64d6156d11335c3f22d9330b0ad14fc1e789ce
testImports: []
